
Microsoft Visual Studio Solution File, Format Version 12.00
# Visual Studio Version 17
VisualStudioVersion = 17.14.36518.9
MinimumVisualStudioVersion = 10.0.40219.1
Project("{FAE04EC0-301F-11D3-BF4B-00C04F79EFBC}") = "Tyuiu.ReshetovaAA.Sprint3.Task0.V4", "Tyuiu.ReshetovaAA.Sprint3.Task0.V4\Tyuiu.ReshetovaAA.Sprint3.Task0.V4.csproj", "{AA67A589-976D-49DA-BA97-AE2727DB31E0}"
EndProject
Project("{FAE04EC0-301F-11D3-BF4B-00C04F79EFBC}") = "Tyuiu.ReshetovaAA.Sprint3.Task0.V4.Lib", "Tyuiu.ReshetovaAA.Sprint3.Task0.V4.Lib\Tyuiu.ReshetovaAA.Sprint3.Task0.V4.Lib.csproj", "{D93B71C3-3C72-4D30-9C0D-4B5FDF0841B7}"
EndProject
Project("{FAE04EC0-301F-11D3-BF4B-00C04F79EFBC}") = "Tyuiu.ReshetovaAA.Sprint3.Task0.V4.Test", "Tyuiu.ReshetovaAA.Sprint3.Task0.V4.Test\Tyuiu.ReshetovaAA.Sprint3.Task0.V4.Test.csproj", "{2E9FC229-778D-497D-B5D4-415DA04F77FB}"
EndProject
Project("{2150E333-8FDC-42A3-9474-1A3956D46DE8}") = "Task0", "Task0", "{02EA681E-C7D8-13C7-8484-4AC65E1B71E8}"
EndProject
Project("{2150E333-8FDC-42A3-9474-1A3956D46DE8}") = "Task1", "Task1", "{79478070-D2AB-4F00-B6AE-644A1C1DE7CD}"
EndProject
Project("{FAE04EC0-301F-11D3-BF4B-00C04F79EFBC}") = "Tyuiu.ReshetovaAA.Sprint3.Task1.V28", "Tyuiu.ReshetovaAA.Sprint3.Task1.V28\Tyuiu.ReshetovaAA.Sprint3.Task1.V28.csproj", "{41055E8A-B947-4AD1-BB30-A56B7440072D}"
EndProject
Project("{FAE04EC0-301F-11D3-BF4B-00C04F79EFBC}") = "Tyuiu.ReshetovaAA.Sprint3.Task1.V28.Test", "Tyuiu.ReshetovaAA.Sprint3.Task1.V28.Test\Tyuiu.ReshetovaAA.Sprint3.Task1.V28.Test.csproj", "{BDDD451F-4B17-47EF-AA38-5B1DCC78BFF3}"
EndProject
Project("{FAE04EC0-301F-11D3-BF4B-00C04F79EFBC}") = "Tyuiu.ReshetovaAA.Sprint3.Task1.V28.Lib", "Tyuiu.ReshetovaAA.Sprint3.Task1.V28.Lib\Tyuiu.ReshetovaAA.Sprint3.Task1.V28.Lib.csproj", "{4EFF4D22-0D13-4698-907E-58C586DA342B}"
EndProject
Project("{2150E333-8FDC-42A3-9474-1A3956D46DE8}") = "Task2", "Task2", "{42FE92B2-CD53-43B8-8ED6-F487D6AD5C86}"
EndProject
Project("{FAE04EC0-301F-11D3-BF4B-00C04F79EFBC}") = "Tyuiu.ReshetovaAA.Sprint3.Task2.V4.Lib", "Tyuiu.ReshetovaAA.Sprint3.Task2.V4.Lib\Tyuiu.ReshetovaAA.Sprint3.Task2.V4.Lib.csproj", "{1506AC24-DCA4-47ED-B717-E9F9570DF44F}"
EndProject
Project("{FAE04EC0-301F-11D3-BF4B-00C04F79EFBC}") = "Tyuiu.ReshetovaAA.Sprint3.Task2.V4.Test", "Tyuiu.ReshetovaAA.Sprint3.Task2.V4.Test\Tyuiu.ReshetovaAA.Sprint3.Task2.V4.Test.csproj", "{12441B00-4DBA-4CA7-A2FB-7A8600351E2E}"
EndProject
Project("{FAE04EC0-301F-11D3-BF4B-00C04F79EFBC}") = "Tyuiu.ReshetovaAA.Sprint3.Task2.V4", "Tyuiu.ReshetovaAA.Sprint3.Task2.V4\Tyuiu.ReshetovaAA.Sprint3.Task2.V4.csproj", "{DC8BA65A-2279-470B-9703-EA32E7CEADF4}"
EndProject
Project("{2150E333-8FDC-42A3-9474-1A3956D46DE8}") = "Task3", "Task3", "{131269AD-BD40-45BE-931F-16CB48F138C4}"
EndProject
Project("{FAE04EC0-301F-11D3-BF4B-00C04F79EFBC}") = "Tyuiu.ReshetovaAA.Sprint3.Task3.V18", "Tyuiu.ReshetovaAA.Sprint3.Task3.V18\Tyuiu.ReshetovaAA.Sprint3.Task3.V18.csproj", "{59A1133F-B568-4D09-9610-3077EDE3D6BE}"
EndProject
Project("{FAE04EC0-301F-11D3-BF4B-00C04F79EFBC}") = "Tyuiu.ReshetovaAA.Sprint3.Task3.V18.Test", "Tyuiu.ReshetovaAA.Sprint3.Task3.V18.Test\Tyuiu.ReshetovaAA.Sprint3.Task3.V18.Test.csproj", "{E310C313-C832-4766-8081-752ECE0B1BB8}"
EndProject
Project("{FAE04EC0-301F-11D3-BF4B-00C04F79EFBC}") = "Tyuiu.ReshetovaAA.Sprint3.Task3.V18.Lib", "Tyuiu.ReshetovaAA.Sprint3.Task3.V18.Lib\Tyuiu.ReshetovaAA.Sprint3.Task3.V18.Lib.csproj", "{0D5D7F6F-1ABF-4739-9C14-C7B2CD77BB6C}"
EndProject
Project("{FAE04EC0-301F-11D3-BF4B-00C04F79EFBC}") = "Tyuiu.ReshetovaAA.Sprint3.Task4.V27", "Tyuiu.ReshetovaAA.Sprint3.Task4.V27\Tyuiu.ReshetovaAA.Sprint3.Task4.V27.csproj", "{BC4088A1-8930-4094-9FBA-03BC64A165CD}"
EndProject
Project("{2150E333-8FDC-42A3-9474-1A3956D46DE8}") = "Task4", "Task4", "{3469DE9C-0620-4BF1-8A2C-BAFCC34B1F61}"
EndProject
Project("{FAE04EC0-301F-11D3-BF4B-00C04F79EFBC}") = "Tyuiu.ReshetovaAA.Sprint3.Task4.V27.Lib", "Tyuiu.ReshetovaAA.Sprint3.Task4.V27.Lib\Tyuiu.ReshetovaAA.Sprint3.Task4.V27.Lib.csproj", "{8C717CF9-93B8-48D0-9804-170A1839F6C7}"
EndProject
Project("{FAE04EC0-301F-11D3-BF4B-00C04F79EFBC}") = "Tyuiu.ReshetovaAA.Sprint3.Task4.V27.Test", "Tyuiu.ReshetovaAA.Sprint3.Task4.V27.Test\Tyuiu.ReshetovaAA.Sprint3.Task4.V27.Test.csproj", "{BA6ADA4A-F87B-4A7B-8AB1-C9CB2EF6410C}"
EndProject
Project("{2150E333-8FDC-42A3-9474-1A3956D46DE8}") = "Task5", "Task5", "{3B3F288B-A8D1-47F1-845F-BD9ED3F1C564}"
EndProject
Project("{FAE04EC0-301F-11D3-BF4B-00C04F79EFBC}") = "Tyuiu.ReshetovaAA.Sprint3.Task5.V13", "Tyuiu.ReshetovaAA.Sprint3.Task5.V13\Tyuiu.ReshetovaAA.Sprint3.Task5.V13.csproj", "{50D2B961-8461-4EE6-8D03-A0E9142C6F48}"
EndProject
Project("{FAE04EC0-301F-11D3-BF4B-00C04F79EFBC}") = "Tyuiu.ReshetovaAA.Sprint3.Task5.V13.Lib", "Tyuiu.ReshetovaAA.Sprint3.Task5.V13.Lib\Tyuiu.ReshetovaAA.Sprint3.Task5.V13.Lib.csproj", "{96E97A53-8943-4D6E-9B64-11C5DD72858F}"
EndProject
Project("{FAE04EC0-301F-11D3-BF4B-00C04F79EFBC}") = "Tyuiu.ReshetovaAA.Sprint3.Task5.V13.Test", "Tyuiu.ReshetovaAA.Sprint3.Task5.V13.Test\Tyuiu.ReshetovaAA.Sprint3.Task5.V13.Test.csproj", "{DB031845-FFB1-4123-AEAA-B4C5E95BC201}"
EndProject
Project("{2150E333-8FDC-42A3-9474-1A3956D46DE8}") = "Task6", "Task6", "{6D51A215-D840-4BBC-8898-990917A85639}"
EndProject
Project("{FAE04EC0-301F-11D3-BF4B-00C04F79EFBC}") = "Tyuiu.ReshetovaAA.Sprint3.Task6.V14", "Tyuiu.ReshetovaAA.Sprint3.Task6.V14\Tyuiu.ReshetovaAA.Sprint3.Task6.V14.csproj", "{CBF500BC-3FB9-42E4-B005-0F63A331B215}"
EndProject
Project("{FAE04EC0-301F-11D3-BF4B-00C04F79EFBC}") = "Tyuiu.ReshetovaAA.Sprint3.Task6.V14.Test", "Tyuiu.ReshetovaAA.Sprint3.Task6.V14.Test\Tyuiu.ReshetovaAA.Sprint3.Task6.V14.Test.csproj", "{6A8D6C31-5665-4199-8E7A-D7A89E47EFB1}"
EndProject
Project("{FAE04EC0-301F-11D3-BF4B-00C04F79EFBC}") = "Tyuiu.ReshetovaAA.Sprint3.Task6.V14.Lib", "Tyuiu.ReshetovaAA.Sprint3.Task6.V14.Lib\Tyuiu.ReshetovaAA.Sprint3.Task6.V14.Lib.csproj", "{6FC52D69-9F98-471A-83FD-36CC971E9A9F}"
EndProject
Global
	GlobalSection(SolutionConfigurationPlatforms) = preSolution
		Debug|Any CPU = Debug|Any CPU
		Release|Any CPU = Release|Any CPU
	EndGlobalSection
	GlobalSection(ProjectConfigurationPlatforms) = postSolution
		{AA67A589-976D-49DA-BA97-AE2727DB31E0}.Debug|Any CPU.ActiveCfg = Debug|Any CPU
		{AA67A589-976D-49DA-BA97-AE2727DB31E0}.Debug|Any CPU.Build.0 = Debug|Any CPU
		{AA67A589-976D-49DA-BA97-AE2727DB31E0}.Release|Any CPU.ActiveCfg = Release|Any CPU
		{AA67A589-976D-49DA-BA97-AE2727DB31E0}.Release|Any CPU.Build.0 = Release|Any CPU
		{D93B71C3-3C72-4D30-9C0D-4B5FDF0841B7}.Debug|Any CPU.ActiveCfg = Debug|Any CPU
		{D93B71C3-3C72-4D30-9C0D-4B5FDF0841B7}.Debug|Any CPU.Build.0 = Debug|Any CPU
		{D93B71C3-3C72-4D30-9C0D-4B5FDF0841B7}.Release|Any CPU.ActiveCfg = Release|Any CPU
		{D93B71C3-3C72-4D30-9C0D-4B5FDF0841B7}.Release|Any CPU.Build.0 = Release|Any CPU
		{2E9FC229-778D-497D-B5D4-415DA04F77FB}.Debug|Any CPU.ActiveCfg = Debug|Any CPU
		{2E9FC229-778D-497D-B5D4-415DA04F77FB}.Debug|Any CPU.Build.0 = Debug|Any CPU
		{2E9FC229-778D-497D-B5D4-415DA04F77FB}.Release|Any CPU.ActiveCfg = Release|Any CPU
		{2E9FC229-778D-497D-B5D4-415DA04F77FB}.Release|Any CPU.Build.0 = Release|Any CPU
		{41055E8A-B947-4AD1-BB30-A56B7440072D}.Debug|Any CPU.ActiveCfg = Debug|Any CPU
		{41055E8A-B947-4AD1-BB30-A56B7440072D}.Debug|Any CPU.Build.0 = Debug|Any CPU
		{41055E8A-B947-4AD1-BB30-A56B7440072D}.Release|Any CPU.ActiveCfg = Release|Any CPU
		{41055E8A-B947-4AD1-BB30-A56B7440072D}.Release|Any CPU.Build.0 = Release|Any CPU
		{BDDD451F-4B17-47EF-AA38-5B1DCC78BFF3}.Debug|Any CPU.ActiveCfg = Debug|Any CPU
		{BDDD451F-4B17-47EF-AA38-5B1DCC78BFF3}.Debug|Any CPU.Build.0 = Debug|Any CPU
		{BDDD451F-4B17-47EF-AA38-5B1DCC78BFF3}.Release|Any CPU.ActiveCfg = Release|Any CPU
		{BDDD451F-4B17-47EF-AA38-5B1DCC78BFF3}.Release|Any CPU.Build.0 = Release|Any CPU
		{4EFF4D22-0D13-4698-907E-58C586DA342B}.Debug|Any CPU.ActiveCfg = Debug|Any CPU
		{4EFF4D22-0D13-4698-907E-58C586DA342B}.Debug|Any CPU.Build.0 = Debug|Any CPU
		{4EFF4D22-0D13-4698-907E-58C586DA342B}.Release|Any CPU.ActiveCfg = Release|Any CPU
		{4EFF4D22-0D13-4698-907E-58C586DA342B}.Release|Any CPU.Build.0 = Release|Any CPU
		{1506AC24-DCA4-47ED-B717-E9F9570DF44F}.Debug|Any CPU.ActiveCfg = Debug|Any CPU
		{1506AC24-DCA4-47ED-B717-E9F9570DF44F}.Debug|Any CPU.Build.0 = Debug|Any CPU
		{1506AC24-DCA4-47ED-B717-E9F9570DF44F}.Release|Any CPU.ActiveCfg = Release|Any CPU
		{1506AC24-DCA4-47ED-B717-E9F9570DF44F}.Release|Any CPU.Build.0 = Release|Any CPU
		{12441B00-4DBA-4CA7-A2FB-7A8600351E2E}.Debug|Any CPU.ActiveCfg = Debug|Any CPU
		{12441B00-4DBA-4CA7-A2FB-7A8600351E2E}.Debug|Any CPU.Build.0 = Debug|Any CPU
		{12441B00-4DBA-4CA7-A2FB-7A8600351E2E}.Release|Any CPU.ActiveCfg = Release|Any CPU
		{12441B00-4DBA-4CA7-A2FB-7A8600351E2E}.Release|Any CPU.Build.0 = Release|Any CPU
		{DC8BA65A-2279-470B-9703-EA32E7CEADF4}.Debug|Any CPU.ActiveCfg = Debug|Any CPU
		{DC8BA65A-2279-470B-9703-EA32E7CEADF4}.Debug|Any CPU.Build.0 = Debug|Any CPU
		{DC8BA65A-2279-470B-9703-EA32E7CEADF4}.Release|Any CPU.ActiveCfg = Release|Any CPU
		{DC8BA65A-2279-470B-9703-EA32E7CEADF4}.Release|Any CPU.Build.0 = Release|Any CPU
		{59A1133F-B568-4D09-9610-3077EDE3D6BE}.Debug|Any CPU.ActiveCfg = Debug|Any CPU
		{59A1133F-B568-4D09-9610-3077EDE3D6BE}.Debug|Any CPU.Build.0 = Debug|Any CPU
		{59A1133F-B568-4D09-9610-3077EDE3D6BE}.Release|Any CPU.ActiveCfg = Release|Any CPU
		{59A1133F-B568-4D09-9610-3077EDE3D6BE}.Release|Any CPU.Build.0 = Release|Any CPU
		{E310C313-C832-4766-8081-752ECE0B1BB8}.Debug|Any CPU.ActiveCfg = Debug|Any CPU
		{E310C313-C832-4766-8081-752ECE0B1BB8}.Debug|Any CPU.Build.0 = Debug|Any CPU
		{E310C313-C832-4766-8081-752ECE0B1BB8}.Release|Any CPU.ActiveCfg = Release|Any CPU
		{E310C313-C832-4766-8081-752ECE0B1BB8}.Release|Any CPU.Build.0 = Release|Any CPU
		{0D5D7F6F-1ABF-4739-9C14-C7B2CD77BB6C}.Debug|Any CPU.ActiveCfg = Debug|Any CPU
		{0D5D7F6F-1ABF-4739-9C14-C7B2CD77BB6C}.Debug|Any CPU.Build.0 = Debug|Any CPU
		{0D5D7F6F-1ABF-4739-9C14-C7B2CD77BB6C}.Release|Any CPU.ActiveCfg = Release|Any CPU
		{0D5D7F6F-1ABF-4739-9C14-C7B2CD77BB6C}.Release|Any CPU.Build.0 = Release|Any CPU
		{BC4088A1-8930-4094-9FBA-03BC64A165CD}.Debug|Any CPU.ActiveCfg = Debug|Any CPU
		{BC4088A1-8930-4094-9FBA-03BC64A165CD}.Debug|Any CPU.Build.0 = Debug|Any CPU
		{BC4088A1-8930-4094-9FBA-03BC64A165CD}.Release|Any CPU.ActiveCfg = Release|Any CPU
		{BC4088A1-8930-4094-9FBA-03BC64A165CD}.Release|Any CPU.Build.0 = Release|Any CPU
		{8C717CF9-93B8-48D0-9804-170A1839F6C7}.Debug|Any CPU.ActiveCfg = Debug|Any CPU
		{8C717CF9-93B8-48D0-9804-170A1839F6C7}.Debug|Any CPU.Build.0 = Debug|Any CPU
		{8C717CF9-93B8-48D0-9804-170A1839F6C7}.Release|Any CPU.ActiveCfg = Release|Any CPU
		{8C717CF9-93B8-48D0-9804-170A1839F6C7}.Release|Any CPU.Build.0 = Release|Any CPU
		{BA6ADA4A-F87B-4A7B-8AB1-C9CB2EF6410C}.Debug|Any CPU.ActiveCfg = Debug|Any CPU
		{BA6ADA4A-F87B-4A7B-8AB1-C9CB2EF6410C}.Debug|Any CPU.Build.0 = Debug|Any CPU
		{BA6ADA4A-F87B-4A7B-8AB1-C9CB2EF6410C}.Release|Any CPU.ActiveCfg = Release|Any CPU
		{BA6ADA4A-F87B-4A7B-8AB1-C9CB2EF6410C}.Release|Any CPU.Build.0 = Release|Any CPU
		{50D2B961-8461-4EE6-8D03-A0E9142C6F48}.Debug|Any CPU.ActiveCfg = Debug|Any CPU
		{50D2B961-8461-4EE6-8D03-A0E9142C6F48}.Debug|Any CPU.Build.0 = Debug|Any CPU
		{50D2B961-8461-4EE6-8D03-A0E9142C6F48}.Release|Any CPU.ActiveCfg = Release|Any CPU
		{50D2B961-8461-4EE6-8D03-A0E9142C6F48}.Release|Any CPU.Build.0 = Release|Any CPU
		{96E97A53-8943-4D6E-9B64-11C5DD72858F}.Debug|Any CPU.ActiveCfg = Debug|Any CPU
		{96E97A53-8943-4D6E-9B64-11C5DD72858F}.Debug|Any CPU.Build.0 = Debug|Any CPU
		{96E97A53-8943-4D6E-9B64-11C5DD72858F}.Release|Any CPU.ActiveCfg = Release|Any CPU
		{96E97A53-8943-4D6E-9B64-11C5DD72858F}.Release|Any CPU.Build.0 = Release|Any CPU
		{DB031845-FFB1-4123-AEAA-B4C5E95BC201}.Debug|Any CPU.ActiveCfg = Debug|Any CPU
		{DB031845-FFB1-4123-AEAA-B4C5E95BC201}.Debug|Any CPU.Build.0 = Debug|Any CPU
		{DB031845-FFB1-4123-AEAA-B4C5E95BC201}.Release|Any CPU.ActiveCfg = Release|Any CPU
		{DB031845-FFB1-4123-AEAA-B4C5E95BC201}.Release|Any CPU.Build.0 = Release|Any CPU
		{CBF500BC-3FB9-42E4-B005-0F63A331B215}.Debug|Any CPU.ActiveCfg = Debug|Any CPU
		{CBF500BC-3FB9-42E4-B005-0F63A331B215}.Debug|Any CPU.Build.0 = Debug|Any CPU
		{CBF500BC-3FB9-42E4-B005-0F63A331B215}.Release|Any CPU.ActiveCfg = Release|Any CPU
		{CBF500BC-3FB9-42E4-B005-0F63A331B215}.Release|Any CPU.Build.0 = Release|Any CPU
		{6A8D6C31-5665-4199-8E7A-D7A89E47EFB1}.Debug|Any CPU.ActiveCfg = Debug|Any CPU
		{6A8D6C31-5665-4199-8E7A-D7A89E47EFB1}.Debug|Any CPU.Build.0 = Debug|Any CPU
		{6A8D6C31-5665-4199-8E7A-D7A89E47EFB1}.Release|Any CPU.ActiveCfg = Release|Any CPU
		{6A8D6C31-5665-4199-8E7A-D7A89E47EFB1}.Release|Any CPU.Build.0 = Release|Any CPU
		{6FC52D69-9F98-471A-83FD-36CC971E9A9F}.Debug|Any CPU.ActiveCfg = Debug|Any CPU
		{6FC52D69-9F98-471A-83FD-36CC971E9A9F}.Debug|Any CPU.Build.0 = Debug|Any CPU
		{6FC52D69-9F98-471A-83FD-36CC971E9A9F}.Release|Any CPU.ActiveCfg = Release|Any CPU
		{6FC52D69-9F98-471A-83FD-36CC971E9A9F}.Release|Any CPU.Build.0 = Release|Any CPU
	EndGlobalSection
	GlobalSection(SolutionProperties) = preSolution
		HideSolutionNode = FALSE
	EndGlobalSection
	GlobalSection(NestedProjects) = preSolution
		{AA67A589-976D-49DA-BA97-AE2727DB31E0} = {02EA681E-C7D8-13C7-8484-4AC65E1B71E8}
		{D93B71C3-3C72-4D30-9C0D-4B5FDF0841B7} = {02EA681E-C7D8-13C7-8484-4AC65E1B71E8}
		{2E9FC229-778D-497D-B5D4-415DA04F77FB} = {02EA681E-C7D8-13C7-8484-4AC65E1B71E8}
		{41055E8A-B947-4AD1-BB30-A56B7440072D} = {79478070-D2AB-4F00-B6AE-644A1C1DE7CD}
		{BDDD451F-4B17-47EF-AA38-5B1DCC78BFF3} = {79478070-D2AB-4F00-B6AE-644A1C1DE7CD}
		{4EFF4D22-0D13-4698-907E-58C586DA342B} = {79478070-D2AB-4F00-B6AE-644A1C1DE7CD}
		{1506AC24-DCA4-47ED-B717-E9F9570DF44F} = {42FE92B2-CD53-43B8-8ED6-F487D6AD5C86}
		{12441B00-4DBA-4CA7-A2FB-7A8600351E2E} = {42FE92B2-CD53-43B8-8ED6-F487D6AD5C86}
		{DC8BA65A-2279-470B-9703-EA32E7CEADF4} = {42FE92B2-CD53-43B8-8ED6-F487D6AD5C86}
		{59A1133F-B568-4D09-9610-3077EDE3D6BE} = {131269AD-BD40-45BE-931F-16CB48F138C4}
		{E310C313-C832-4766-8081-752ECE0B1BB8} = {131269AD-BD40-45BE-931F-16CB48F138C4}
		{0D5D7F6F-1ABF-4739-9C14-C7B2CD77BB6C} = {131269AD-BD40-45BE-931F-16CB48F138C4}
		{BC4088A1-8930-4094-9FBA-03BC64A165CD} = {3469DE9C-0620-4BF1-8A2C-BAFCC34B1F61}
		{8C717CF9-93B8-48D0-9804-170A1839F6C7} = {3469DE9C-0620-4BF1-8A2C-BAFCC34B1F61}
		{BA6ADA4A-F87B-4A7B-8AB1-C9CB2EF6410C} = {3469DE9C-0620-4BF1-8A2C-BAFCC34B1F61}
		{50D2B961-8461-4EE6-8D03-A0E9142C6F48} = {3B3F288B-A8D1-47F1-845F-BD9ED3F1C564}
		{96E97A53-8943-4D6E-9B64-11C5DD72858F} = {3B3F288B-A8D1-47F1-845F-BD9ED3F1C564}
		{DB031845-FFB1-4123-AEAA-B4C5E95BC201} = {3B3F288B-A8D1-47F1-845F-BD9ED3F1C564}
		{CBF500BC-3FB9-42E4-B005-0F63A331B215} = {6D51A215-D840-4BBC-8898-990917A85639}
		{6A8D6C31-5665-4199-8E7A-D7A89E47EFB1} = {6D51A215-D840-4BBC-8898-990917A85639}
		{6FC52D69-9F98-471A-83FD-36CC971E9A9F} = {6D51A215-D840-4BBC-8898-990917A85639}
	EndGlobalSection
	GlobalSection(ExtensibilityGlobals) = postSolution
		SolutionGuid = {92A43BF3-E838-4B44-8930-55E5F82B50E8}
	EndGlobalSection
EndGlobal
